
Microsoft Visual Studio Solution File, Format Version 12.00
# Visual Studio Version 16
VisualStudioVersion = 16.0.30104.148
MinimumVisualStudioVersion = 10.0.40219.1
Project("{FAE04EC0-301F-11D3-BF4B-00C04F79EFBC}") = "WeatherAnwendung", "WeatherAnwendung\WeatherAnwendung.csproj", "{39D08B50-D9E9-43C3-98DA-4C66C6DE53DD}"
EndProject
Global
	GlobalSection(SolutionConfigurationPlatforms) = preSolution
		Debug|Any CPU = Debug|Any CPU
		Release|Any CPU = Release|Any CPU
	EndGlobalSection
	GlobalSection(ProjectConfigurationPlatforms) = postSolution
		{39D08B50-D9E9-43C3-98DA-4C66C6DE53DD}.Debug|Any CPU.ActiveCfg = Debug|Any CPU
		{39D08B50-D9E9-43C3-98DA-4C66C6DE53DD}.Debug|Any CPU.Build.0 = Debug|Any CPU
		{39D08B50-D9E9-43C3-98DA-4C66C6DE53DD}.Release|Any CPU.ActiveCfg = Release|Any CPU
		{39D08B50-D9E9-43C3-98DA-4C66C6DE53DD}.Release|Any CPU.Build.0 = Release|Any CPU
	EndGlobalSection
	GlobalSection(SolutionProperties) = preSolution
		HideSolutionNode = FALSE
	EndGlobalSection
	GlobalSection(ExtensibilityGlobals) = postSolution
		SolutionGuid = {467805F0-B154-4248-B1DD-5AACC2234AD6}
	EndGlobalSection
EndGlobal
